
Microsoft Visual Studio Solution File, Format Version 12.00
# Visual Studio 15
VisualStudioVersion = 15.0.28307.1145
MinimumVisualStudioVersion = 10.0.40219.1
Project("{FAE04EC0-301F-11D3-BF4B-00C04F79EFBC}") = "TaskWeb", "TaskWeb\TaskWeb.csproj", "{A14DFEA0-CFEB-4175-BB82-D7AC0C37084E}"
EndProject
Global
	GlobalSection(SolutionConfigurationPlatforms) = preSolution
		Debug|Any CPU = Debug|Any CPU
		Release|Any CPU = Release|Any CPU
	EndGlobalSection
	GlobalSection(ProjectConfigurationPlatforms) = postSolution
		{A14DFEA0-CFEB-4175-BB82-D7AC0C37084E}.Debug|Any CPU.ActiveCfg = Debug|Any CPU
		{A14DFEA0-CFEB-4175-BB82-D7AC0C37084E}.Debug|Any CPU.Build.0 = Debug|Any CPU
		{A14DFEA0-CFEB-4175-BB82-D7AC0C37084E}.Release|Any CPU.ActiveCfg = Release|Any CPU
		{A14DFEA0-CFEB-4175-BB82-D7AC0C37084E}.Release|Any CPU.Build.0 = Release|Any CPU
	EndGlobalSection
	GlobalSection(SolutionProperties) = preSolution
		HideSolutionNode = FALSE
	EndGlobalSection
	GlobalSection(ExtensibilityGlobals) = postSolution
		SolutionGuid = {92904A79-9B0F-4F9F-BFDC-EB89E0C12027}
	EndGlobalSection
EndGlobal
